
Microsoft Visual Studio Solution File, Format Version 12.00
# Visual Studio Version 17
VisualStudioVersion = 17.0.31903.59
MinimumVisualStudioVersion = 10.0.40219.1
Project("{9A19103F-16F7-4668-BE54-9A1E7A4F7556}") = "CC.Data.Identity", "CC.Data.Identity\CC.Data.Identity.csproj", "{3D0B8277-2648-4CF3-9570-4FB10E049564}"
EndProject
Project("{9A19103F-16F7-4668-BE54-9A1E7A4F7556}") = "CC.Data.Identity.Models", "CC.Data.Identity.Models\CC.Data.Identity.Models.csproj", "{B6D5074C-A5CB-4E39-A212-670850F84C6B}"
EndProject
Global
	GlobalSection(SolutionConfigurationPlatforms) = preSolution
		Debug|Any CPU = Debug|Any CPU
		Release|Any CPU = Release|Any CPU
	EndGlobalSection
	GlobalSection(ProjectConfigurationPlatforms) = postSolution
		{3D0B8277-2648-4CF3-9570-4FB10E049564}.Debug|Any CPU.ActiveCfg = Debug|Any CPU
		{3D0B8277-2648-4CF3-9570-4FB10E049564}.Debug|Any CPU.Build.0 = Debug|Any CPU
		{3D0B8277-2648-4CF3-9570-4FB10E049564}.Release|Any CPU.ActiveCfg = Release|Any CPU
		{3D0B8277-2648-4CF3-9570-4FB10E049564}.Release|Any CPU.Build.0 = Release|Any CPU
		{B6D5074C-A5CB-4E39-A212-670850F84C6B}.Debug|Any CPU.ActiveCfg = Debug|Any CPU
		{B6D5074C-A5CB-4E39-A212-670850F84C6B}.Debug|Any CPU.Build.0 = Debug|Any CPU
		{B6D5074C-A5CB-4E39-A212-670850F84C6B}.Release|Any CPU.ActiveCfg = Release|Any CPU
		{B6D5074C-A5CB-4E39-A212-670850F84C6B}.Release|Any CPU.Build.0 = Release|Any CPU
	EndGlobalSection
	GlobalSection(SolutionProperties) = preSolution
		HideSolutionNode = FALSE
	EndGlobalSection
	GlobalSection(ExtensibilityGlobals) = postSolution
		SolutionGuid = {00E36808-52C9-4832-8023-43DEA6DD88D1}
	EndGlobalSection
EndGlobal
